
Microsoft Visual Studio Solution File, Format Version 12.00
# Visual Studio Version 17
VisualStudioVersion = 17.7.34003.232
MinimumVisualStudioVersion = 10.0.40219.1
Project("{FAE04EC0-301F-11D3-BF4B-00C04F79EFBC}") = "CqrsWebApi", "CqrsWebApi\CqrsWebApi.csproj", "{53B6AF9A-E83A-4BB6-B2DA-D7C9B34429FD}"
EndProject
Project("{2150E333-8FDC-42A3-9474-1A3956D46DE8}") = "Design Patterns", "Design Patterns", "{DC4B1FBD-6986-4AA2-A64F-CBE2BC6A522C}"
EndProject
Project("{2150E333-8FDC-42A3-9474-1A3956D46DE8}") = "Cqrs", "Cqrs", "{0DAC1DCA-DD8C-4CB2-AFCD-CE46B9BF08B8}"
EndProject
Global
	GlobalSection(SolutionConfigurationPlatforms) = preSolution
		Debug|Any CPU = Debug|Any CPU
		Release|Any CPU = Release|Any CPU
	EndGlobalSection
	GlobalSection(ProjectConfigurationPlatforms) = postSolution
		{53B6AF9A-E83A-4BB6-B2DA-D7C9B34429FD}.Debug|Any CPU.ActiveCfg = Debug|Any CPU
		{53B6AF9A-E83A-4BB6-B2DA-D7C9B34429FD}.Debug|Any CPU.Build.0 = Debug|Any CPU
		{53B6AF9A-E83A-4BB6-B2DA-D7C9B34429FD}.Release|Any CPU.ActiveCfg = Release|Any CPU
		{53B6AF9A-E83A-4BB6-B2DA-D7C9B34429FD}.Release|Any CPU.Build.0 = Release|Any CPU
	EndGlobalSection
	GlobalSection(SolutionProperties) = preSolution
		HideSolutionNode = FALSE
	EndGlobalSection
	GlobalSection(NestedProjects) = preSolution
		{53B6AF9A-E83A-4BB6-B2DA-D7C9B34429FD} = {0DAC1DCA-DD8C-4CB2-AFCD-CE46B9BF08B8}
		{0DAC1DCA-DD8C-4CB2-AFCD-CE46B9BF08B8} = {DC4B1FBD-6986-4AA2-A64F-CBE2BC6A522C}
	EndGlobalSection
	GlobalSection(ExtensibilityGlobals) = postSolution
		SolutionGuid = {D39C3596-07A3-41DB-821C-D29E4277EF0C}
	EndGlobalSection
EndGlobal
